lockfileVersion: '9.0'

settings:
  autoInstallPeers: true
  excludeLinksFromLockfile: false

importers:

  .:
    dependencies:
      '@vscode/webview-ui-toolkit':
        specifier: ^1.4.0
        version: 1.4.0(react@18.2.0)
      vue:
        specifier: ^3.5.12
        version: 3.5.12(typescript@5.6.3)
    devDependencies:
      '@kalimahapps/vue-icons':
        specifier: ^1.7.1
        version: 1.7.1(vue@3.5.12(typescript@5.6.3))
      '@types/node':
        specifier: ^22.9.0
        version: 22.9.0
      '@types/vscode-webview':
        specifier: ^1.57.5
        version: 1.57.5
      '@vitejs/plugin-vue':
        specifier: ^5.1.4
        version: 5.1.4(vite@5.4.10(@types/node@22.9.0)(sass@1.80.6))(vue@3.5.12(typescript@5.6.3))
      '@vue/tsconfig':
        specifier: ^0.4.0
        version: 0.4.0
      sass:
        specifier: ^1.80.6
        version: 1.80.6
      typescript:
        specifier: ^5.6.3
        version: 5.6.3
      vite:
        specifier: ^5.4.10
        version: 5.4.10(@types/node@22.9.0)(sass@1.80.6)
      vue-tsc:
        specifier: ^2.1.10
        version: 2.1.10(typescript@5.6.3)

packages:

  '@babel/helper-string-parser@7.25.9':
    resolution: {integrity: sha512-4A/SCr/2KLd5jrtOMFzaKjVtAei3+2r/NChoBNoZ3EyP/+GlhoaEGoWOZUmFmoITP7zOJyHIMm+DYRd8o3PvHA==}
    engines: {node: '>=6.9.0'}

  '@babel/helper-validator-identifier@7.25.9':
    resolution: {integrity: sha512-Ed61U6XJc3CVRfkERJWDz4dJwKe7iLmmJsbOGu9wSloNSFttHV0I8g6UAgb7qnK5ly5bGLPd4oXZlxCdANBOWQ==}
    engines: {node: '>=6.9.0'}

  '@babel/parser@7.26.2':
    resolution: {integrity: sha512-DWMCZH9WA4Maitz2q21SRKHo9QXZxkDsbNZoVD62gusNtNBBqDg9i7uOhASfTfIGNzW+O+r7+jAlM8dwphcJKQ==}
    engines: {node: '>=6.0.0'}
    hasBin: true

  '@babel/types@7.26.0':
    resolution: {integrity: sha512-Z/yiTPj+lDVnF7lWeKCIJzaIkI0vYO87dMpZ4bg4TDrFe4XXLFWL1TbXU27gBP3QccxV9mZICCrnjnYlJjXHOA==}
    engines: {node: '>=6.9.0'}

  '@esbuild/aix-ppc64@0.21.5':
    resolution: {integrity: sha512-1SDgH6ZSPTlggy1yI6+Dbkiz8xzpHJEVAlF/AM1tHPLsf5STom9rwtjE4hKAF20FfXXNTFqEYXyJNWh1GiZedQ==}
    engines: {node: '>=12'}
    cpu: [ppc64]
    os: [aix]

  '@esbuild/android-arm64@0.21.5':
    resolution: {integrity: sha512-c0uX9VAUBQ7dTDCjq+wdyGLowMdtR/GoC2U5IYk/7D1H1JYC0qseD7+11iMP2mRLN9RcCMRcjC4YMclCzGwS/A==}
    engines: {node: '>=12'}
    cpu: [arm64]
    os: [android]

  '@esbuild/android-arm@0.21.5':
    resolution: {integrity: sha512-vCPvzSjpPHEi1siZdlvAlsPxXl7WbOVUBBAowWug4rJHb68Ox8KualB+1ocNvT5fjv6wpkX6o/iEpbDrf68zcg==}
    engines: {node: '>=12'}
    cpu: [arm]
    os: [android]

  '@esbuild/android-x64@0.21.5':
    resolution: {integrity: sha512-D7aPRUUNHRBwHxzxRvp856rjUHRFW1SdQATKXH2hqA0kAZb1hKmi02OpYRacl0TxIGz/ZmXWlbZgjwWYaCakTA==}
    engines: {node: '>=12'}
    cpu: [x64]
    os: [android]

  '@esbuild/darwin-arm64@0.21.5':
    resolution: {integrity: sha512-DwqXqZyuk5AiWWf3UfLiRDJ5EDd49zg6O9wclZ7kUMv2WRFr4HKjXp/5t8JZ11QbQfUS6/cRCKGwYhtNAY88kQ==}
    engines: {node: '>=12'}
    cpu: [arm64]
    os: [darwin]

  '@esbuild/darwin-x64@0.21.5':
    resolution: {integrity: sha512-se/JjF8NlmKVG4kNIuyWMV/22ZaerB+qaSi5MdrXtd6R08kvs2qCN4C09miupktDitvh8jRFflwGFBQcxZRjbw==}
    engines: {node: '>=12'}
    cpu: [x64]
    os: [darwin]

  '@esbuild/freebsd-arm64@0.21.5':
    resolution: {integrity: sha512-5JcRxxRDUJLX8JXp/wcBCy3pENnCgBR9bN6JsY4OmhfUtIHe3ZW0mawA7+RDAcMLrMIZaf03NlQiX9DGyB8h4g==}
    engines: {node: '>=12'}
    cpu: [arm64]
    os: [freebsd]

  '@esbuild/freebsd-x64@0.21.5':
    resolution: {integrity: sha512-J95kNBj1zkbMXtHVH29bBriQygMXqoVQOQYA+ISs0/2l3T9/kj42ow2mpqerRBxDJnmkUDCaQT/dfNXWX/ZZCQ==}
    engines: {node: '>=12'}
    cpu: [x64]
    os: [freebsd]

  '@esbuild/linux-arm64@0.21.5':
    resolution: {integrity: sha512-ibKvmyYzKsBeX8d8I7MH/TMfWDXBF3db4qM6sy+7re0YXya+K1cem3on9XgdT2EQGMu4hQyZhan7TeQ8XkGp4Q==}
    engines: {node: '>=12'}
    cpu: [arm64]
    os: [linux]

  '@esbuild/linux-arm@0.21.5':
    resolution: {integrity: sha512-bPb5AHZtbeNGjCKVZ9UGqGwo8EUu4cLq68E95A53KlxAPRmUyYv2D6F0uUI65XisGOL1hBP5mTronbgo+0bFcA==}
    engines: {node: '>=12'}
    cpu: [arm]
    os: [linux]

  '@esbuild/linux-ia32@0.21.5':
    resolution: {integrity: sha512-YvjXDqLRqPDl2dvRODYmmhz4rPeVKYvppfGYKSNGdyZkA01046pLWyRKKI3ax8fbJoK5QbxblURkwK/MWY18Tg==}
    engines: {node: '>=12'}
    cpu: [ia32]
    os: [linux]

  '@esbuild/linux-loong64@0.21.5':
    resolution: {integrity: sha512-uHf1BmMG8qEvzdrzAqg2SIG/02+4/DHB6a9Kbya0XDvwDEKCoC8ZRWI5JJvNdUjtciBGFQ5PuBlpEOXQj+JQSg==}
    engines: {node: '>=12'}
    cpu: [loong64]
    os: [linux]

  '@esbuild/linux-mips64el@0.21.5':
    resolution: {integrity: sha512-IajOmO+KJK23bj52dFSNCMsz1QP1DqM6cwLUv3W1QwyxkyIWecfafnI555fvSGqEKwjMXVLokcV5ygHW5b3Jbg==}
    engines: {node: '>=12'}
    cpu: [mips64el]
    os: [linux]

  '@esbuild/linux-ppc64@0.21.5':
    resolution: {integrity: sha512-1hHV/Z4OEfMwpLO8rp7CvlhBDnjsC3CttJXIhBi+5Aj5r+MBvy4egg7wCbe//hSsT+RvDAG7s81tAvpL2XAE4w==}
    engines: {node: '>=12'}
    cpu: [ppc64]
    os: [linux]

  '@esbuild/linux-riscv64@0.21.5':
    resolution: {integrity: sha512-2HdXDMd9GMgTGrPWnJzP2ALSokE/0O5HhTUvWIbD3YdjME8JwvSCnNGBnTThKGEB91OZhzrJ4qIIxk/SBmyDDA==}
    engines: {node: '>=12'}
    cpu: [riscv64]
    os: [linux]

  '@esbuild/linux-s390x@0.21.5':
    resolution: {integrity: sha512-zus5sxzqBJD3eXxwvjN1yQkRepANgxE9lgOW2qLnmr8ikMTphkjgXu1HR01K4FJg8h1kEEDAqDcZQtbrRnB41A==}
    engines: {node: '>=12'}
    cpu: [s390x]
    os: [linux]

  '@esbuild/linux-x64@0.21.5':
    resolution: {integrity: sha512-1rYdTpyv03iycF1+BhzrzQJCdOuAOtaqHTWJZCWvijKD2N5Xu0TtVC8/+1faWqcP9iBCWOmjmhoH94dH82BxPQ==}
    engines: {node: '>=12'}
    cpu: [x64]
    os: [linux]

  '@esbuild/netbsd-x64@0.21.5':
    resolution: {integrity: sha512-Woi2MXzXjMULccIwMnLciyZH4nCIMpWQAs049KEeMvOcNADVxo0UBIQPfSmxB3CWKedngg7sWZdLvLczpe0tLg==}
    engines: {node: '>=12'}
    cpu: [x64]
    os: [netbsd]

  '@esbuild/openbsd-x64@0.21.5':
    resolution: {integrity: sha512-HLNNw99xsvx12lFBUwoT8EVCsSvRNDVxNpjZ7bPn947b8gJPzeHWyNVhFsaerc0n3TsbOINvRP2byTZ5LKezow==}
    engines: {node: '>=12'}
    cpu: [x64]
    os: [openbsd]

  '@esbuild/sunos-x64@0.21.5':
    resolution: {integrity: sha512-6+gjmFpfy0BHU5Tpptkuh8+uw3mnrvgs+dSPQXQOv3ekbordwnzTVEb4qnIvQcYXq6gzkyTnoZ9dZG+D4garKg==}
    engines: {node: '>=12'}
    cpu: [x64]
    os: [sunos]

  '@esbuild/win32-arm64@0.21.5':
    resolution: {integrity: sha512-Z0gOTd75VvXqyq7nsl93zwahcTROgqvuAcYDUr+vOv8uHhNSKROyU961kgtCD1e95IqPKSQKH7tBTslnS3tA8A==}
    engines: {node: '>=12'}
    cpu: [arm64]
    os: [win32]

  '@esbuild/win32-ia32@0.21.5':
    resolution: {integrity: sha512-SWXFF1CL2RVNMaVs+BBClwtfZSvDgtL//G/smwAc5oVK/UPu2Gu9tIaRgFmYFFKrmg3SyAjSrElf0TiJ1v8fYA==}
    engines: {node: '>=12'}
    cpu: [ia32]
    os: [win32]

  '@esbuild/win32-x64@0.21.5':
    resolution: {integrity: sha512-tQd/1efJuzPC6rCFwEvLtci/xNFcTZknmXs98FYDfGE4wP9ClFV98nyKrzJKVPMhdDnjzLhdUyMX4PsQAPjwIw==}
    engines: {node: '>=12'}
    cpu: [x64]
    os: [win32]

  '@jridgewell/sourcemap-codec@1.5.0':
    resolution: {integrity: sha512-gv3ZRaISU3fjPAgNsriBRqGWQL6quFx04YMPW/zD8XMLsU32mhCCbfbO6KZFLjvYpCZ8zyDEgqsgf+PwPaM7GQ==}

  '@kalimahapps/vue-icons@1.7.1':
    resolution: {integrity: sha512-PXMiVTPOZ0LTU8DuIIcuOc1FyC9I9e2SMz9XUzByZZEPN8ruDCdNw2fyVCH8rcNpVSrlMlfqDT7di7tPZgH8XA==}
    engines: {node: '>=14.16'}
    peerDependencies:
      vue: ^3.0.0

  '@microsoft/fast-element@1.14.0':
    resolution: {integrity: sha512-zXvuSOzvsu8zDTy9eby8ix8VqLop2rwKRgp++ZN2kTCsoB3+QJVoaGD2T/Cyso2ViZQFXNpiNCVKfnmxBvmWkQ==}

  '@microsoft/fast-foundation@2.50.0':
    resolution: {integrity: sha512-8mFYG88Xea1jZf2TI9Lm/jzZ6RWR8x29r24mGuLojNYqIR2Bl8+hnswoV6laApKdCbGMPKnsAL/O68Q0sRxeVg==}

  '@microsoft/fast-react-wrapper@0.3.25':
    resolution: {integrity: sha512-jKzmk2xJV93RL/jEFXEZgBvXlKIY4N4kXy3qrjmBfFpqNi3VjY+oUTWyMnHRMC5EUhIFxD+Y1VD4u9uIPX3jQw==}
    peerDependencies:
      react: '>=16.9.0'

  '@microsoft/fast-web-utilities@5.4.1':
    resolution: {integrity: sha512-ReWYncndjV3c8D8iq9tp7NcFNc1vbVHvcBFPME2nNFKNbS1XCesYZGlIlf3ot5EmuOXPlrzUHOWzQ2vFpIkqDg==}

  '@parcel/watcher-android-arm64@2.5.0':
    resolution: {integrity: sha512-qlX4eS28bUcQCdribHkg/herLe+0A9RyYC+mm2PXpncit8z5b3nSqGVzMNR3CmtAOgRutiZ02eIJJgP/b1iEFQ==}
    engines: {node: '>= 10.0.0'}
    cpu: [arm64]
    os: [android]

  '@parcel/watcher-darwin-arm64@2.5.0':
    resolution: {integrity: sha512-hyZ3TANnzGfLpRA2s/4U1kbw2ZI4qGxaRJbBH2DCSREFfubMswheh8TeiC1sGZ3z2jUf3s37P0BBlrD3sjVTUw==}
    engines: {node: '>= 10.0.0'}
    cpu: [arm64]
    os: [darwin]

  '@parcel/watcher-darwin-x64@2.5.0':
    resolution: {integrity: sha512-9rhlwd78saKf18fT869/poydQK8YqlU26TMiNg7AIu7eBp9adqbJZqmdFOsbZ5cnLp5XvRo9wcFmNHgHdWaGYA==}
    engines: {node: '>= 10.0.0'}
    cpu: [x64]
    os: [darwin]

  '@parcel/watcher-freebsd-x64@2.5.0':
    resolution: {integrity: sha512-syvfhZzyM8kErg3VF0xpV8dixJ+RzbUaaGaeb7uDuz0D3FK97/mZ5AJQ3XNnDsXX7KkFNtyQyFrXZzQIcN49Tw==}
    engines: {node: '>= 10.0.0'}
    cpu: [x64]
    os: [freebsd]

  '@parcel/watcher-linux-arm-glibc@2.5.0':
    resolution: {integrity: sha512-0VQY1K35DQET3dVYWpOaPFecqOT9dbuCfzjxoQyif1Wc574t3kOSkKevULddcR9znz1TcklCE7Ht6NIxjvTqLA==}
    engines: {node: '>= 10.0.0'}
    cpu: [arm]
    os: [linux]

  '@parcel/watcher-linux-arm-musl@2.5.0':
    resolution: {integrity: sha512-6uHywSIzz8+vi2lAzFeltnYbdHsDm3iIB57d4g5oaB9vKwjb6N6dRIgZMujw4nm5r6v9/BQH0noq6DzHrqr2pA==}
    engines: {node: '>= 10.0.0'}
    cpu: [arm]
    os: [linux]

  '@parcel/watcher-linux-arm64-glibc@2.5.0':
    resolution: {integrity: sha512-BfNjXwZKxBy4WibDb/LDCriWSKLz+jJRL3cM/DllnHH5QUyoiUNEp3GmL80ZqxeumoADfCCP19+qiYiC8gUBjA==}
    engines: {node: '>= 10.0.0'}
    cpu: [arm64]
    os: [linux]

  '@parcel/watcher-linux-arm64-musl@2.5.0':
    resolution: {integrity: sha512-S1qARKOphxfiBEkwLUbHjCY9BWPdWnW9j7f7Hb2jPplu8UZ3nes7zpPOW9bkLbHRvWM0WDTsjdOTUgW0xLBN1Q==}
    engines: {node: '>= 10.0.0'}
    cpu: [arm64]
    os: [linux]

  '@parcel/watcher-linux-x64-glibc@2.5.0':
    resolution: {integrity: sha512-d9AOkusyXARkFD66S6zlGXyzx5RvY+chTP9Jp0ypSTC9d4lzyRs9ovGf/80VCxjKddcUvnsGwCHWuF2EoPgWjw==}
    engines: {node: '>= 10.0.0'}
    cpu: [x64]
    os: [linux]

  '@parcel/watcher-linux-x64-musl@2.5.0':
    resolution: {integrity: sha512-iqOC+GoTDoFyk/VYSFHwjHhYrk8bljW6zOhPuhi5t9ulqiYq1togGJB5e3PwYVFFfeVgc6pbz3JdQyDoBszVaA==}
    engines: {node: '>= 10.0.0'}
    cpu: [x64]
    os: [linux]

  '@parcel/watcher-win32-arm64@2.5.0':
    resolution: {integrity: sha512-twtft1d+JRNkM5YbmexfcH/N4znDtjgysFaV9zvZmmJezQsKpkfLYJ+JFV3uygugK6AtIM2oADPkB2AdhBrNig==}
    engines: {node: '>= 10.0.0'}
    cpu: [arm64]
    os: [win32]

  '@parcel/watcher-win32-ia32@2.5.0':
    resolution: {integrity: sha512-+rgpsNRKwo8A53elqbbHXdOMtY/tAtTzManTWShB5Kk54N8Q9mzNWV7tV+IbGueCbcj826MfWGU3mprWtuf1TA==}
    engines: {node: '>= 10.0.0'}
    cpu: [ia32]
    os: [win32]

  '@parcel/watcher-win32-x64@2.5.0':
    resolution: {integrity: sha512-lPrxve92zEHdgeff3aiu4gDOIt4u7sJYha6wbdEZDCDUhtjTsOMiaJzG5lMY4GkWH8p0fMmO2Ppq5G5XXG+DQw==}
    engines: {node: '>= 10.0.0'}
    cpu: [x64]
    os: [win32]

  '@parcel/watcher@2.5.0':
    resolution: {integrity: sha512-i0GV1yJnm2n3Yq1qw6QrUrd/LI9bE8WEBOTtOkpCXHHdyN3TAGgqAK/DAT05z4fq2x04cARXt2pDmjWjL92iTQ==}
    engines: {node: '>= 10.0.0'}

  '@rollup/rollup-android-arm-eabi@4.24.4':
    resolution: {integrity: sha512-jfUJrFct/hTA0XDM5p/htWKoNNTbDLY0KRwEt6pyOA6k2fmk0WVwl65PdUdJZgzGEHWx+49LilkcSaumQRyNQw==}
    cpu: [arm]
    os: [android]

  '@rollup/rollup-android-arm64@4.24.4':
    resolution: {integrity: sha512-j4nrEO6nHU1nZUuCfRKoCcvh7PIywQPUCBa2UsootTHvTHIoIu2BzueInGJhhvQO/2FTRdNYpf63xsgEqH9IhA==}
    cpu: [arm64]
    os: [android]

  '@rollup/rollup-darwin-arm64@4.24.4':
    resolution: {integrity: sha512-GmU/QgGtBTeraKyldC7cDVVvAJEOr3dFLKneez/n7BvX57UdhOqDsVwzU7UOnYA7AAOt+Xb26lk79PldDHgMIQ==}
    cpu: [arm64]
    os: [darwin]

  '@rollup/rollup-darwin-x64@4.24.4':
    resolution: {integrity: sha512-N6oDBiZCBKlwYcsEPXGDE4g9RoxZLK6vT98M8111cW7VsVJFpNEqvJeIPfsCzbf0XEakPslh72X0gnlMi4Ddgg==}
    cpu: [x64]
    os: [darwin]

  '@rollup/rollup-freebsd-arm64@4.24.4':
    resolution: {integrity: sha512-py5oNShCCjCyjWXCZNrRGRpjWsF0ic8f4ieBNra5buQz0O/U6mMXCpC1LvrHuhJsNPgRt36tSYMidGzZiJF6mw==}
    cpu: [arm64]
    os: [freebsd]

  '@rollup/rollup-freebsd-x64@4.24.4':
    resolution: {integrity: sha512-L7VVVW9FCnTTp4i7KrmHeDsDvjB4++KOBENYtNYAiYl96jeBThFfhP6HVxL74v4SiZEVDH/1ILscR5U9S4ms4g==}
    cpu: [x64]
    os: [freebsd]

  '@rollup/rollup-linux-arm-gnueabihf@4.24.4':
    resolution: {integrity: sha512-10ICosOwYChROdQoQo589N5idQIisxjaFE/PAnX2i0Zr84mY0k9zul1ArH0rnJ/fpgiqfu13TFZR5A5YJLOYZA==}
    cpu: [arm]
    os: [linux]

  '@rollup/rollup-linux-arm-musleabihf@4.24.4':
    resolution: {integrity: sha512-ySAfWs69LYC7QhRDZNKqNhz2UKN8LDfbKSMAEtoEI0jitwfAG2iZwVqGACJT+kfYvvz3/JgsLlcBP+WWoKCLcw==}
    cpu: [arm]
    os: [linux]

  '@rollup/rollup-linux-arm64-gnu@4.24.4':
    resolution: {integrity: sha512-uHYJ0HNOI6pGEeZ/5mgm5arNVTI0nLlmrbdph+pGXpC9tFHFDQmDMOEqkmUObRfosJqpU8RliYoGz06qSdtcjg==}
    cpu: [arm64]
    os: [linux]

  '@rollup/rollup-linux-arm64-musl@4.24.4':
    resolution: {integrity: sha512-38yiWLemQf7aLHDgTg85fh3hW9stJ0Muk7+s6tIkSUOMmi4Xbv5pH/5Bofnsb6spIwD5FJiR+jg71f0CH5OzoA==}
    cpu: [arm64]
    os: [linux]

  '@rollup/rollup-linux-powerpc64le-gnu@4.24.4':
    resolution: {integrity: sha512-q73XUPnkwt9ZNF2xRS4fvneSuaHw2BXuV5rI4cw0fWYVIWIBeDZX7c7FWhFQPNTnE24172K30I+dViWRVD9TwA==}
    cpu: [ppc64]
    os: [linux]

  '@rollup/rollup-linux-riscv64-gnu@4.24.4':
    resolution: {integrity: sha512-Aie/TbmQi6UXokJqDZdmTJuZBCU3QBDA8oTKRGtd4ABi/nHgXICulfg1KI6n9/koDsiDbvHAiQO3YAUNa/7BCw==}
    cpu: [riscv64]
    os: [linux]

  '@rollup/rollup-linux-s390x-gnu@4.24.4':
    resolution: {integrity: sha512-P8MPErVO/y8ohWSP9JY7lLQ8+YMHfTI4bAdtCi3pC2hTeqFJco2jYspzOzTUB8hwUWIIu1xwOrJE11nP+0JFAQ==}
    cpu: [s390x]
    os: [linux]

  '@rollup/rollup-linux-x64-gnu@4.24.4':
    resolution: {integrity: sha512-K03TljaaoPK5FOyNMZAAEmhlyO49LaE4qCsr0lYHUKyb6QacTNF9pnfPpXnFlFD3TXuFbFbz7tJ51FujUXkXYA==}
    cpu: [x64]
    os: [linux]

  '@rollup/rollup-linux-x64-musl@4.24.4':
    resolution: {integrity: sha512-VJYl4xSl/wqG2D5xTYncVWW+26ICV4wubwN9Gs5NrqhJtayikwCXzPL8GDsLnaLU3WwhQ8W02IinYSFJfyo34Q==}
    cpu: [x64]
    os: [linux]

  '@rollup/rollup-win32-arm64-msvc@4.24.4':
    resolution: {integrity: sha512-ku2GvtPwQfCqoPFIJCqZ8o7bJcj+Y54cZSr43hHca6jLwAiCbZdBUOrqE6y29QFajNAzzpIOwsckaTFmN6/8TA==}
    cpu: [arm64]
    os: [win32]

  '@rollup/rollup-win32-ia32-msvc@4.24.4':
    resolution: {integrity: sha512-V3nCe+eTt/W6UYNr/wGvO1fLpHUrnlirlypZfKCT1fG6hWfqhPgQV/K/mRBXBpxc0eKLIF18pIOFVPh0mqHjlg==}
    cpu: [ia32]
    os: [win32]

  '@rollup/rollup-win32-x64-msvc@4.24.4':
    resolution: {integrity: sha512-LTw1Dfd0mBIEqUVCxbvTE/LLo+9ZxVC9k99v1v4ahg9Aak6FpqOfNu5kRkeTAn0wphoC4JU7No1/rL+bBCEwhg==}
    cpu: [x64]
    os: [win32]

  '@types/estree@1.0.6':
    resolution: {integrity: sha512-AYnb1nQyY49te+VRAVgmzfcgjYS91mY5P0TKUDCLEM+gNnA+3T6rWITXRLYCpahpqSQbN5cE+gHpnPyXjHWxcw==}

  '@types/node@22.9.0':
    resolution: {integrity: sha512-vuyHg81vvWA1Z1ELfvLko2c8f34gyA0zaic0+Rllc5lbCnbSyuvb2Oxpm6TAUAC/2xZN3QGqxBNggD1nNR2AfQ==}

  '@types/vscode-webview@1.57.5':
    resolution: {integrity: sha512-iBAUYNYkz+uk1kdsq05fEcoh8gJmwT3lqqFPN7MGyjQ3HVloViMdo7ZJ8DFIP8WOK74PjOEilosqAyxV2iUFUw==}

  '@vitejs/plugin-vue@5.1.4':
    resolution: {integrity: sha512-N2XSI2n3sQqp5w7Y/AN/L2XDjBIRGqXko+eDp42sydYSBeJuSm5a1sLf8zakmo8u7tA8NmBgoDLA1HeOESjp9A==}
    engines: {node: ^18.0.0 || >=20.0.0}
    peerDependencies:
      vite: ^5.0.0
      vue: ^3.2.25

  '@volar/language-core@2.4.9':
    resolution: {integrity: sha512-t++GIrUeQnKCieZdY9e+Uar2VmTqOE4Z9KcEcdSHKmKZPuqpbbWow1YKe1i3HpU2s1JqLRVM8y/n87WKXyxJAg==}

  '@volar/source-map@2.4.9':
    resolution: {integrity: sha512-UGE+WgJwk64OcfBwBOBKIzmF+uNx4dC5GzOvaVsHbTBp/IVqeTVsGiO5CwBAt6l3vVXYbMuddG2DU8FEnBRxTg==}

  '@volar/typescript@2.4.9':
    resolution: {integrity: sha512-Zmh3Bq8CFD6OANKYsi4vs/l7togwfjFH0kgrT12uAsDff2AJQjbEUKTVUnxmHbnbH2B9ja7Lb6Mu/Wj9wBuJlg==}

  '@vscode/webview-ui-toolkit@1.4.0':
    resolution: {integrity: sha512-modXVHQkZLsxgmd5yoP3ptRC/G8NBDD+ob+ngPiWNQdlrH6H1xR/qgOBD85bfU3BhOB5sZzFWBwwhp9/SfoHww==}
    peerDependencies:
      react: '>=16.9.0'

  '@vue/compiler-core@3.5.12':
    resolution: {integrity: sha512-ISyBTRMmMYagUxhcpyEH0hpXRd/KqDU4ymofPgl2XAkY9ZhQ+h0ovEZJIiPop13UmR/54oA2cgMDjgroRelaEw==}

  '@vue/compiler-dom@3.5.12':
    resolution: {integrity: sha512-9G6PbJ03uwxLHKQ3P42cMTi85lDRvGLB2rSGOiQqtXELat6uI4n8cNz9yjfVHRPIu+MsK6TE418Giruvgptckg==}

  '@vue/compiler-sfc@3.5.12':
    resolution: {integrity: sha512-2k973OGo2JuAa5+ZlekuQJtitI5CgLMOwgl94BzMCsKZCX/xiqzJYzapl4opFogKHqwJk34vfsaKpfEhd1k5nw==}

  '@vue/compiler-ssr@3.5.12':
    resolution: {integrity: sha512-eLwc7v6bfGBSM7wZOGPmRavSWzNFF6+PdRhE+VFJhNCgHiF8AM7ccoqcv5kBXA2eWUfigD7byekvf/JsOfKvPA==}

  '@vue/compiler-vue2@2.7.16':
    resolution: {integrity: sha512-qYC3Psj9S/mfu9uVi5WvNZIzq+xnXMhOwbTFKKDD7b1lhpnn71jXSFdTQ+WsIEk0ONCd7VV2IMm7ONl6tbQ86A==}

  '@vue/language-core@2.1.10':
    resolution: {integrity: sha512-DAI289d0K3AB5TUG3xDp9OuQ71CnrujQwJrQnfuZDwo6eGNf0UoRlPuaVNO+Zrn65PC3j0oB2i7mNmVPggeGeQ==}
    peerDependencies:
      typescript: '*'
    peerDependenciesMeta:
      typescript:
        optional: true

  '@vue/reactivity@3.5.12':
    resolution: {integrity: sha512-UzaN3Da7xnJXdz4Okb/BGbAaomRHc3RdoWqTzlvd9+WBR5m3J39J1fGcHes7U3za0ruYn/iYy/a1euhMEHvTAg==}

  '@vue/runtime-core@3.5.12':
    resolution: {integrity: sha512-hrMUYV6tpocr3TL3Ad8DqxOdpDe4zuQY4HPY3X/VRh+L2myQO8MFXPAMarIOSGNu0bFAjh1yBkMPXZBqCk62Uw==}

  '@vue/runtime-dom@3.5.12':
    resolution: {integrity: sha512-q8VFxR9A2MRfBr6/55Q3umyoN7ya836FzRXajPB6/Vvuv0zOPL+qltd9rIMzG/DbRLAIlREmnLsplEF/kotXKA==}

  '@vue/server-renderer@3.5.12':
    resolution: {integrity: sha512-I3QoeDDeEPZm8yR28JtY+rk880Oqmj43hreIBVTicisFTx/Dl7JpG72g/X7YF8hnQD3IFhkky5i2bPonwrTVPg==}
    peerDependencies:
      vue: 3.5.12

  '@vue/shared@3.5.12':
    resolution: {integrity: sha512-L2RPSAwUFbgZH20etwrXyVyCBu9OxRSi8T/38QsvnkJyvq2LufW2lDCOzm7t/U9C1mkhJGWYfCuFBCmIuNivrg==}

  '@vue/tsconfig@0.4.0':
    resolution: {integrity: sha512-CPuIReonid9+zOG/CGTT05FXrPYATEqoDGNrEaqS4hwcw5BUNM2FguC0mOwJD4Jr16UpRVl9N0pY3P+srIbqmg==}

  alien-signals@0.2.0:
    resolution: {integrity: sha512-StlonZhBBrsPPwrDjiPAiVTf/rolxffLxVPT60Qv/t88BZ81BvUVzHgGqEFvJ1ii8HXtm1+zU2Icr59tfWEcag==}

  balanced-match@1.0.2:
    resolution: {integrity: sha512-3oSeUO0TMV67hN1AmbXsK4yaqU7tjiHlbxRDZOpH0KW9+CeX4bRAaX0Anxt0tx2MrpRpWwQaPwIlISEJhYU5Pw==}

  brace-expansion@2.0.1:
    resolution: {integrity: sha512-XnAIvQ8eM+kC6aULx6wuQiwVsnzsi9d3WxzV3FpWTGA19F621kwdbsAcFKXgKUHZWsy+mY6iL1sHTxWEFCytDA==}

  braces@3.0.3:
    resolution: {integrity: sha512-yQbXgO/OSZVD2IsiLlro+7Hf6Q18EJrKSEsdoMzKePKXct3gvD8oLcOQdIzGupr5Fj+EDe8gO/lxc1BzfMpxvA==}
    engines: {node: '>=8'}

  chokidar@4.0.1:
    resolution: {integrity: sha512-n8enUVCED/KVRQlab1hr3MVpcVMvxtZjmEa956u+4YijlmQED223XMSYj2tLuKvr4jcCTzNNMpQDUer72MMmzA==}
    engines: {node: '>= 14.16.0'}

  csstype@3.1.3:
    resolution: {integrity: sha512-M1uQkMl8rQK/szD0LNhtqxIPLpimGm8sOBwU7lLnCpSbTyY3yeU1Vc7l4KT5zT4s/yOxHH5O7tIuuLOCnLADRw==}

  de-indent@1.0.2:
    resolution: {integrity: sha512-e/1zu3xH5MQryN2zdVaF0OrdNLUbvWxzMbi+iNA6Bky7l1RoP8a2fIbRocyHclXt/arDrrR6lL3TqFD9pMQTsg==}

  detect-libc@1.0.3:
    resolution: {integrity: sha512-pGjwhsmsp4kL2RTz08wcOlGN83otlqHeD/Z5T8GXZB+/YcpQ/dgo+lbU8ZsGxV0HIvqqxo9l7mqYwyYMD9bKDg==}
    engines: {node: '>=0.10'}
    hasBin: true

  entities@4.5.0:
    resolution: {integrity: sha512-V0hjH4dGPh9Ao5p0MoRY6BVqtwCjhz6vI5LT8AJ55H+4g9/4vbHx1I54fS0XuclLhDHArPQCiMjDxjaL8fPxhw==}
    engines: {node: '>=0.12'}

  esbuild@0.21.5:
    resolution: {integrity: sha512-mg3OPMV4hXywwpoDxu3Qda5xCKQi+vCTZq8S9J/EpkhB2HzKXq4SNFZE3+NK93JYxc8VMSep+lOUSC/RVKaBqw==}
    engines: {node: '>=12'}
    hasBin: true

  estree-walker@2.0.2:
    resolution: {integrity: sha512-Rfkk/Mp/DL7JVje3u18FxFujQlTNR2q6QfMSMB7AvCBx91NGj/ba3kCfza0f6dVDbw7YlRf/nDrn7pQrCCyQ/w==}

  exenv-es6@1.1.1:
    resolution: {integrity: sha512-vlVu3N8d6yEMpMsEm+7sUBAI81aqYYuEvfK0jNqmdb/OPXzzH7QWDDnVjMvDSY47JdHEqx/dfC/q8WkfoTmpGQ==}

  fill-range@7.1.1:
    resolution: {integrity: sha512-YsGpe3WHLK8ZYi4tWDg2Jy3ebRz2rXowDxnld4bkQB00cc/1Zw9AWnC0i9ztDJitivtQvaI9KaLyKrc+hBW0yg==}
    engines: {node: '>=8'}

  fsevents@2.3.3:
    resolution: {integrity: sha512-5xoDfX+fL7faATnagmWPpbFtwh/R77WmMMqqHGS65C3vvB0YHrgF+B1YmZ3441tMj5n63k0212XNoJwzlhffQw==}
    engines: {node: ^8.16.0 || ^10.6.0 || >=11.0.0}
    os: [darwin]

  he@1.2.0:
    resolution: {integrity: sha512-F/1DnUGPopORZi0ni+CvrCgHQ5FyEAHRLSApuYWMmrbSwoN2Mn/7k+Gl38gJnR7yyDZk6WLXwiGod1JOWNDKGw==}
    hasBin: true

  immutable@4.3.0:
    resolution: {integrity: sha512-0AOCmOip+xgJwEVTQj1EfiDDOkPmuyllDuTuEX+DDXUgapLAsBIfkg3sxCYyCEA8mQqZrrxPUGjcOQ2JS3WLkg==}

  is-extglob@2.1.1:
    resolution: {integrity: sha512-SbKbANkN603Vi4jEZv49LeVJMn4yGwsbzZworEoyEiutsN3nJYdbO36zfhGJ6QEDpOZIFkDtnq5JRxmvl3jsoQ==}
    engines: {node: '>=0.10.0'}

  is-glob@4.0.3:
    resolution: {integrity: sha512-xelSayHH36ZgE7ZWhli7pW34hNbNl8Ojv5KVmkJD4hBdD3th8Tfk9vYasLM+mXWOZhFkgZfxhLSnrwRr4elSSg==}
    engines: {node: '>=0.10.0'}

  is-number@7.0.0:
    resolution: {integrity: sha512-41Cifkg6e8TylSpdtTpeLVMqvSBEVzTttHvERD741+pnZ8ANv0004MRL43QKPDlK9cGvNp6NZWZUBlbGXYxxng==}
    engines: {node: '>=0.12.0'}

  js-tokens@4.0.0:
    resolution: {integrity: sha512-RdJUflcE3cUzKiMqQgsCu06FPu9UdIJO0beYbPhHN4k6apgJtifcoCtT9bcxOpYBtpD2kCM6Sbzg4CausW/PKQ==}

  loose-envify@1.4.0:
    resolution: {integrity: sha512-lyuxPGr/Wfhrlem2CL/UcnUc1zcqKAImBDzukY7Y5F/yQiNdko6+fRLevlw1HgMySw7f611UIY408EtxRSoK3Q==}
    hasBin: true

  magic-string@0.30.12:
    resolution: {integrity: sha512-Ea8I3sQMVXr8JhN4z+H/d8zwo+tYDgHE9+5G4Wnrwhs0gaK9fXTKx0Tw5Xwsd/bCPTTZNRAdpyzvoeORe9LYpw==}

  micromatch@4.0.8:
    resolution: {integrity: sha512-PXwfBhYu0hBCPw8Dn0E+WDYb7af3dSLVWKi3HGv84IdF4TyFoC0ysxFd0Goxw7nSv4T/PzEJQxsYsEiFCKo2BA==}
    engines: {node: '>=8.6'}

  minimatch@9.0.5:
    resolution: {integrity: sha512-G6T0ZX48xgozx7587koeX9Ys2NYy6Gmv//P89sEte9V9whIapMNF4idKxnW2QtCcLiTWlb/wfCabAtAFWhhBow==}
    engines: {node: '>=16 || 14 >=14.17'}

  muggle-string@0.4.1:
    resolution: {integrity: sha512-VNTrAak/KhO2i8dqqnqnAHOa3cYBwXEZe9h+D5h/1ZqFSTEFHdM65lR7RoIqq3tBBYavsOXV84NoHXZ0AkPyqQ==}

  nanoid@3.3.7:
    resolution: {integrity: sha512-eSRppjcPIatRIMC1U6UngP8XFcz8MQWGQdt1MTBQ7NaAmvXDfvNxbvWV3x2y6CdEUciCSsDHDQZbhYaB8QEo2g==}
    engines: {node: ^10 || ^12 || ^13.7 || ^14 || >=15.0.1}
    hasBin: true

  node-addon-api@7.1.1:
    resolution: {integrity: sha512-5m3bsyrjFWE1xf7nz7YXdN4udnVtXK6/Yfgn5qnahL6bCkf2yKt4k3nuTKAtT4r3IG8JNR2ncsIMdZuAzJjHQQ==}

  path-browserify@1.0.1:
    resolution: {integrity: sha512-b7uo2UCUOYZcnF/3ID0lulOJi/bafxa1xPe7ZPsammBSpjSWQkjNxlt635YGS2MiR9GjvuXCtz2emr3jbsz98g==}

  picocolors@1.1.1:
    resolution: {integrity: sha512-xceH2snhtb5M9liqDsmEw56le376mTZkEX/jEb/RxNFyegNul7eNslCXP9FDj/Lcu0X8KEyMceP2ntpaHrDEVA==}

  picomatch@2.3.1:
    resolution: {integrity: sha512-JU3teHTNjmE2VCGFzuY8EXzCDVwEqB2a8fsIvwaStHhAWJEeVd1o1QD80CU6+ZdEXXSLbSsuLwJjkCBWqRQUVA==}
    engines: {node: '>=8.6'}

  postcss@8.4.47:
    resolution: {integrity: sha512-56rxCq7G/XfB4EkXq9Egn5GCqugWvDFjafDOThIdMBsI15iqPqR5r15TfSr1YPYeEI19YeaXMCbY6u88Y76GLQ==}
    engines: {node: ^10 || ^12 || >=14}

  react@18.2.0:
    resolution: {integrity: sha512-/3IjMdb2L9QbBdWiW5e3P2/npwMBaU9mHCSCUzNln0ZCYbcfTsGbTJrU/kGemdH2IWmB2ioZ+zkxtmq6g09fGQ==}
    engines: {node: '>=0.10.0'}

  readdirp@4.0.2:
    resolution: {integrity: sha512-yDMz9g+VaZkqBYS/ozoBJwaBhTbZo3UNYQHNRw1D3UFQB8oHB4uS/tAODO+ZLjGWmUbKnIlOWO+aaIiAxrUWHA==}
    engines: {node: '>= 14.16.0'}

  rollup@4.24.4:
    resolution: {integrity: sha512-vGorVWIsWfX3xbcyAS+I047kFKapHYivmkaT63Smj77XwvLSJos6M1xGqZnBPFQFBRZDOcG1QnYEIxAvTr/HjA==}
    engines: {node: '>=18.0.0', npm: '>=8.0.0'}
    hasBin: true

  sass@1.80.6:
    resolution: {integrity: sha512-ccZgdHNiBF1NHBsWvacvT5rju3y1d/Eu+8Ex6c21nHp2lZGLBEtuwc415QfiI1PJa1TpCo3iXwwSRjRpn2Ckjg==}
    engines: {node: '>=14.0.0'}
    hasBin: true

  semver@7.6.3:
    resolution: {integrity: sha512-oVekP1cKtI+CTDvHWYFUcMtsK/00wmAEfyqKfNdARm8u1wNVhSgaX7A8d4UuIlUI5e84iEwOhs7ZPYRmzU9U6A==}
    engines: {node: '>=10'}
    hasBin: true

  source-map-js@1.0.2:
    resolution: {integrity: sha512-R0XvVJ9WusLiqTCEiGCmICCMplcCkIwwR11mOSD9CR5u+IXYdiseeEuXCVAjS54zqwkLcPNnmU4OeJ6tUrWhDw==}
    engines: {node: '>=0.10.0'}

  source-map-js@1.2.1:
    resolution: {integrity: sha512-UXWMKhLOwVKb728IUtQPXxfYU+usdybtUrK/8uGE8CQMvrhOpwvzDBwj0QhSL7MQc7vIsISBG8VQ8+IDQxpfQA==}
    engines: {node: '>=0.10.0'}

  svg-parser@2.0.4:
    resolution: {integrity: sha512-e4hG1hRwoOdRb37cIMSgzNsxyzKfayW6VOflrwvR+/bzrkyxY/31WkbgnQpgtrNp1SdpJvpUAGTa/ZoiPNDuRQ==}

  tabbable@5.3.3:
    resolution: {integrity: sha512-QD9qKY3StfbZqWOPLp0++pOrAVb/HbUi5xCc8cUo4XjP19808oaMiDzn0leBY5mCespIBM0CIZePzZjgzR83kA==}

  to-regex-range@5.0.1:
    resolution: {integrity: sha512-65P7iz6X5yEr1cwcgvQxbbIw7Uk3gOy5dIdtZ4rDveLqhrdJP+Li/Hx6tyK0NEb+2GCyneCMJiGqrADCSNk8sQ==}
    engines: {node: '>=8.0'}

  tslib@1.14.1:
    resolution: {integrity: sha512-Xni35NKzjgMrwevysHTCArtLDpPvye8zV/0E4EyYn43P7/7qvQwPh9BGkHewbMulVntbigmcT7rdX3BNo9wRJg==}

  tslib@2.8.1:
    resolution: {integrity: sha512-oJFu94HQb+KVduSUQL7wnpmqnfmLsOA/nAh6b6EH0wCEoK0/mPeXU6c3wKDV83MkOuHPRHtSXKKU99IBazS/2w==}

  typescript@5.6.3:
    resolution: {integrity: sha512-hjcS1mhfuyi4WW8IWtjP7brDrG2cuDZukyrYrSauoXGNgx0S7zceP07adYkJycEr56BOUTNPzbInooiN3fn1qw==}
    engines: {node: '>=14.17'}
    hasBin: true

  undici-types@6.19.8:
    resolution: {integrity: sha512-ve2KP6f/JnbPBFyobGHuerC9g1FYGn/F8n1LWTwNxCEzd6IfqTwUQcNXgEtmmQ6DlRrC1hrSrBnCZPokRrDHjw==}

  vite@5.4.10:
    resolution: {integrity: sha512-1hvaPshuPUtxeQ0hsVH3Mud0ZanOLwVTneA1EgbAM5LhaZEqyPWGRQ7BtaMvUrTDeEaC8pxtj6a6jku3x4z6SQ==}
    engines: {node: ^18.0.0 || >=20.0.0}
    hasBin: true
    peerDependencies:
      '@types/node': ^18.0.0 || >=20.0.0
      less: '*'
      lightningcss: ^1.21.0
      sass: '*'
      sass-embedded: '*'
      stylus: '*'
      sugarss: '*'
      terser: ^5.4.0
    peerDependenciesMeta:
      '@types/node':
        optional: true
      less:
        optional: true
      lightningcss:
        optional: true
      sass:
        optional: true
      sass-embedded:
        optional: true
      stylus:
        optional: true
      sugarss:
        optional: true
      terser:
        optional: true

  vscode-uri@3.0.8:
    resolution: {integrity: sha512-AyFQ0EVmsOZOlAnxoFOGOq1SQDWAB7C6aqMGS23svWAllfOaxbuFvcT8D1i8z3Gyn8fraVeZNNmN6e9bxxXkKw==}

  vue-tsc@2.1.10:
    resolution: {integrity: sha512-RBNSfaaRHcN5uqVqJSZh++Gy/YUzryuv9u1aFWhsammDJXNtUiJMNoJ747lZcQ68wUQFx6E73y4FY3D8E7FGMA==}
    hasBin: true
    peerDependencies:
      typescript: '>=5.0.0'

  vue@3.5.12:
    resolution: {integrity: sha512-CLVZtXtn2ItBIi/zHZ0Sg1Xkb7+PU32bJJ8Bmy7ts3jxXTcbfsEfBivFYYWz1Hur+lalqGAh65Coin0r+HRUfg==}
    peerDependencies:
      typescript: '*'
    peerDependenciesMeta:
      typescript:
        optional: true

snapshots:

  '@babel/helper-string-parser@7.25.9': {}

  '@babel/helper-validator-identifier@7.25.9': {}

  '@babel/parser@7.26.2':
    dependencies:
      '@babel/types': 7.26.0

  '@babel/types@7.26.0':
    dependencies:
      '@babel/helper-string-parser': 7.25.9
      '@babel/helper-validator-identifier': 7.25.9

  '@esbuild/aix-ppc64@0.21.5':
    optional: true

  '@esbuild/android-arm64@0.21.5':
    optional: true

  '@esbuild/android-arm@0.21.5':
    optional: true

  '@esbuild/android-x64@0.21.5':
    optional: true

  '@esbuild/darwin-arm64@0.21.5':
    optional: true

  '@esbuild/darwin-x64@0.21.5':
    optional: true

  '@esbuild/freebsd-arm64@0.21.5':
    optional: true

  '@esbuild/freebsd-x64@0.21.5':
    optional: true

  '@esbuild/linux-arm64@0.21.5':
    optional: true

  '@esbuild/linux-arm@0.21.5':
    optional: true

  '@esbuild/linux-ia32@0.21.5':
    optional: true

  '@esbuild/linux-loong64@0.21.5':
    optional: true

  '@esbuild/linux-mips64el@0.21.5':
    optional: true

  '@esbuild/linux-ppc64@0.21.5':
    optional: true

  '@esbuild/linux-riscv64@0.21.5':
    optional: true

  '@esbuild/linux-s390x@0.21.5':
    optional: true

  '@esbuild/linux-x64@0.21.5':
    optional: true

  '@esbuild/netbsd-x64@0.21.5':
    optional: true

  '@esbuild/openbsd-x64@0.21.5':
    optional: true

  '@esbuild/sunos-x64@0.21.5':
    optional: true

  '@esbuild/win32-arm64@0.21.5':
    optional: true

  '@esbuild/win32-ia32@0.21.5':
    optional: true

  '@esbuild/win32-x64@0.21.5':
    optional: true

  '@jridgewell/sourcemap-codec@1.5.0': {}

  '@kalimahapps/vue-icons@1.7.1(vue@3.5.12(typescript@5.6.3))':
    dependencies:
      svg-parser: 2.0.4
      vue: 3.5.12(typescript@5.6.3)

  '@microsoft/fast-element@1.14.0': {}

  '@microsoft/fast-foundation@2.50.0':
    dependencies:
      '@microsoft/fast-element': 1.14.0
      '@microsoft/fast-web-utilities': 5.4.1
      tabbable: 5.3.3
      tslib: 1.14.1

  '@microsoft/fast-react-wrapper@0.3.25(react@18.2.0)':
    dependencies:
      '@microsoft/fast-element': 1.14.0
      '@microsoft/fast-foundation': 2.50.0
      react: 18.2.0

  '@microsoft/fast-web-utilities@5.4.1':
    dependencies:
      exenv-es6: 1.1.1

  '@parcel/watcher-android-arm64@2.5.0':
    optional: true

  '@parcel/watcher-darwin-arm64@2.5.0':
    optional: true

  '@parcel/watcher-darwin-x64@2.5.0':
    optional: true

  '@parcel/watcher-freebsd-x64@2.5.0':
    optional: true

  '@parcel/watcher-linux-arm-glibc@2.5.0':
    optional: true

  '@parcel/watcher-linux-arm-musl@2.5.0':
    optional: true

  '@parcel/watcher-linux-arm64-glibc@2.5.0':
    optional: true

  '@parcel/watcher-linux-arm64-musl@2.5.0':
    optional: true

  '@parcel/watcher-linux-x64-glibc@2.5.0':
    optional: true

  '@parcel/watcher-linux-x64-musl@2.5.0':
    optional: true

  '@parcel/watcher-win32-arm64@2.5.0':
    optional: true

  '@parcel/watcher-win32-ia32@2.5.0':
    optional: true

  '@parcel/watcher-win32-x64@2.5.0':
    optional: true

  '@parcel/watcher@2.5.0':
    dependencies:
      detect-libc: 1.0.3
      is-glob: 4.0.3
      micromatch: 4.0.8
      node-addon-api: 7.1.1
    optionalDependencies:
      '@parcel/watcher-android-arm64': 2.5.0
      '@parcel/watcher-darwin-arm64': 2.5.0
      '@parcel/watcher-darwin-x64': 2.5.0
      '@parcel/watcher-freebsd-x64': 2.5.0
      '@parcel/watcher-linux-arm-glibc': 2.5.0
      '@parcel/watcher-linux-arm-musl': 2.5.0
      '@parcel/watcher-linux-arm64-glibc': 2.5.0
      '@parcel/watcher-linux-arm64-musl': 2.5.0
      '@parcel/watcher-linux-x64-glibc': 2.5.0
      '@parcel/watcher-linux-x64-musl': 2.5.0
      '@parcel/watcher-win32-arm64': 2.5.0
      '@parcel/watcher-win32-ia32': 2.5.0
      '@parcel/watcher-win32-x64': 2.5.0
    optional: true

  '@rollup/rollup-android-arm-eabi@4.24.4':
    optional: true

  '@rollup/rollup-android-arm64@4.24.4':
    optional: true

  '@rollup/rollup-darwin-arm64@4.24.4':
    optional: true

  '@rollup/rollup-darwin-x64@4.24.4':
    optional: true

  '@rollup/rollup-freebsd-arm64@4.24.4':
    optional: true

  '@rollup/rollup-freebsd-x64@4.24.4':
    optional: true

  '@rollup/rollup-linux-arm-gnueabihf@4.24.4':
    optional: true

  '@rollup/rollup-linux-arm-musleabihf@4.24.4':
    optional: true

  '@rollup/rollup-linux-arm64-gnu@4.24.4':
    optional: true

  '@rollup/rollup-linux-arm64-musl@4.24.4':
    optional: true

  '@rollup/rollup-linux-powerpc64le-gnu@4.24.4':
    optional: true

  '@rollup/rollup-linux-riscv64-gnu@4.24.4':
    optional: true

  '@rollup/rollup-linux-s390x-gnu@4.24.4':
    optional: true

  '@rollup/rollup-linux-x64-gnu@4.24.4':
    optional: true

  '@rollup/rollup-linux-x64-musl@4.24.4':
    optional: true

  '@rollup/rollup-win32-arm64-msvc@4.24.4':
    optional: true

  '@rollup/rollup-win32-ia32-msvc@4.24.4':
    optional: true

  '@rollup/rollup-win32-x64-msvc@4.24.4':
    optional: true

  '@types/estree@1.0.6': {}

  '@types/node@22.9.0':
    dependencies:
      undici-types: 6.19.8

  '@types/vscode-webview@1.57.5': {}

  '@vitejs/plugin-vue@5.1.4(vite@5.4.10(@types/node@22.9.0)(sass@1.80.6))(vue@3.5.12(typescript@5.6.3))':
    dependencies:
      vite: 5.4.10(@types/node@22.9.0)(sass@1.80.6)
      vue: 3.5.12(typescript@5.6.3)

  '@volar/language-core@2.4.9':
    dependencies:
      '@volar/source-map': 2.4.9

  '@volar/source-map@2.4.9': {}

  '@volar/typescript@2.4.9':
    dependencies:
      '@volar/language-core': 2.4.9
      path-browserify: 1.0.1
      vscode-uri: 3.0.8

  '@vscode/webview-ui-toolkit@1.4.0(react@18.2.0)':
    dependencies:
      '@microsoft/fast-element': 1.14.0
      '@microsoft/fast-foundation': 2.50.0
      '@microsoft/fast-react-wrapper': 0.3.25(react@18.2.0)
      react: 18.2.0
      tslib: 2.8.1

  '@vue/compiler-core@3.5.12':
    dependencies:
      '@babel/parser': 7.26.2
      '@vue/shared': 3.5.12
      entities: 4.5.0
      estree-walker: 2.0.2
      source-map-js: 1.2.1

  '@vue/compiler-dom@3.5.12':
    dependencies:
      '@vue/compiler-core': 3.5.12
      '@vue/shared': 3.5.12

  '@vue/compiler-sfc@3.5.12':
    dependencies:
      '@babel/parser': 7.26.2
      '@vue/compiler-core': 3.5.12
      '@vue/compiler-dom': 3.5.12
      '@vue/compiler-ssr': 3.5.12
      '@vue/shared': 3.5.12
      estree-walker: 2.0.2
      magic-string: 0.30.12
      postcss: 8.4.47
      source-map-js: 1.2.1

  '@vue/compiler-ssr@3.5.12':
    dependencies:
      '@vue/compiler-dom': 3.5.12
      '@vue/shared': 3.5.12

  '@vue/compiler-vue2@2.7.16':
    dependencies:
      de-indent: 1.0.2
      he: 1.2.0

  '@vue/language-core@2.1.10(typescript@5.6.3)':
    dependencies:
      '@volar/language-core': 2.4.9
      '@vue/compiler-dom': 3.5.12
      '@vue/compiler-vue2': 2.7.16
      '@vue/shared': 3.5.12
      alien-signals: 0.2.0
      minimatch: 9.0.5
      muggle-string: 0.4.1
      path-browserify: 1.0.1
    optionalDependencies:
      typescript: 5.6.3

  '@vue/reactivity@3.5.12':
    dependencies:
      '@vue/shared': 3.5.12

  '@vue/runtime-core@3.5.12':
    dependencies:
      '@vue/reactivity': 3.5.12
      '@vue/shared': 3.5.12

  '@vue/runtime-dom@3.5.12':
    dependencies:
      '@vue/reactivity': 3.5.12
      '@vue/runtime-core': 3.5.12
      '@vue/shared': 3.5.12
      csstype: 3.1.3

  '@vue/server-renderer@3.5.12(vue@3.5.12(typescript@5.6.3))':
    dependencies:
      '@vue/compiler-ssr': 3.5.12
      '@vue/shared': 3.5.12
      vue: 3.5.12(typescript@5.6.3)

  '@vue/shared@3.5.12': {}

  '@vue/tsconfig@0.4.0': {}

  alien-signals@0.2.0: {}

  balanced-match@1.0.2: {}

  brace-expansion@2.0.1:
    dependencies:
      balanced-match: 1.0.2

  braces@3.0.3:
    dependencies:
      fill-range: 7.1.1
    optional: true

  chokidar@4.0.1:
    dependencies:
      readdirp: 4.0.2

  csstype@3.1.3: {}

  de-indent@1.0.2: {}

  detect-libc@1.0.3:
    optional: true

  entities@4.5.0: {}

  esbuild@0.21.5:
    optionalDependencies:
      '@esbuild/aix-ppc64': 0.21.5
      '@esbuild/android-arm': 0.21.5
      '@esbuild/android-arm64': 0.21.5
      '@esbuild/android-x64': 0.21.5
      '@esbuild/darwin-arm64': 0.21.5
      '@esbuild/darwin-x64': 0.21.5
      '@esbuild/freebsd-arm64': 0.21.5
      '@esbuild/freebsd-x64': 0.21.5
      '@esbuild/linux-arm': 0.21.5
      '@esbuild/linux-arm64': 0.21.5
      '@esbuild/linux-ia32': 0.21.5
      '@esbuild/linux-loong64': 0.21.5
      '@esbuild/linux-mips64el': 0.21.5
      '@esbuild/linux-ppc64': 0.21.5
      '@esbuild/linux-riscv64': 0.21.5
      '@esbuild/linux-s390x': 0.21.5
      '@esbuild/linux-x64': 0.21.5
      '@esbuild/netbsd-x64': 0.21.5
      '@esbuild/openbsd-x64': 0.21.5
      '@esbuild/sunos-x64': 0.21.5
      '@esbuild/win32-arm64': 0.21.5
      '@esbuild/win32-ia32': 0.21.5
      '@esbuild/win32-x64': 0.21.5

  estree-walker@2.0.2: {}

  exenv-es6@1.1.1: {}

  fill-range@7.1.1:
    dependencies:
      to-regex-range: 5.0.1
    optional: true

  fsevents@2.3.3:
    optional: true

  he@1.2.0: {}

  immutable@4.3.0: {}

  is-extglob@2.1.1:
    optional: true

  is-glob@4.0.3:
    dependencies:
      is-extglob: 2.1.1
    optional: true

  is-number@7.0.0:
    optional: true

  js-tokens@4.0.0: {}

  loose-envify@1.4.0:
    dependencies:
      js-tokens: 4.0.0

  magic-string@0.30.12:
    dependencies:
      '@jridgewell/sourcemap-codec': 1.5.0

  micromatch@4.0.8:
    dependencies:
      braces: 3.0.3
      picomatch: 2.3.1
    optional: true

  minimatch@9.0.5:
    dependencies:
      brace-expansion: 2.0.1

  muggle-string@0.4.1: {}

  nanoid@3.3.7: {}

  node-addon-api@7.1.1:
    optional: true

  path-browserify@1.0.1: {}

  picocolors@1.1.1: {}

  picomatch@2.3.1:
    optional: true

  postcss@8.4.47:
    dependencies:
      nanoid: 3.3.7
      picocolors: 1.1.1
      source-map-js: 1.2.1

  react@18.2.0:
    dependencies:
      loose-envify: 1.4.0

  readdirp@4.0.2: {}

  rollup@4.24.4:
    dependencies:
      '@types/estree': 1.0.6
    optionalDependencies:
      '@rollup/rollup-android-arm-eabi': 4.24.4
      '@rollup/rollup-android-arm64': 4.24.4
      '@rollup/rollup-darwin-arm64': 4.24.4
      '@rollup/rollup-darwin-x64': 4.24.4
      '@rollup/rollup-freebsd-arm64': 4.24.4
      '@rollup/rollup-freebsd-x64': 4.24.4
      '@rollup/rollup-linux-arm-gnueabihf': 4.24.4
      '@rollup/rollup-linux-arm-musleabihf': 4.24.4
      '@rollup/rollup-linux-arm64-gnu': 4.24.4
      '@rollup/rollup-linux-arm64-musl': 4.24.4
      '@rollup/rollup-linux-powerpc64le-gnu': 4.24.4
      '@rollup/rollup-linux-riscv64-gnu': 4.24.4
      '@rollup/rollup-linux-s390x-gnu': 4.24.4
      '@rollup/rollup-linux-x64-gnu': 4.24.4
      '@rollup/rollup-linux-x64-musl': 4.24.4
      '@rollup/rollup-win32-arm64-msvc': 4.24.4
      '@rollup/rollup-win32-ia32-msvc': 4.24.4
      '@rollup/rollup-win32-x64-msvc': 4.24.4
      fsevents: 2.3.3

  sass@1.80.6:
    dependencies:
      chokidar: 4.0.1
      immutable: 4.3.0
      source-map-js: 1.0.2
    optionalDependencies:
      '@parcel/watcher': 2.5.0

  semver@7.6.3: {}

  source-map-js@1.0.2: {}

  source-map-js@1.2.1: {}

  svg-parser@2.0.4: {}

  tabbable@5.3.3: {}

  to-regex-range@5.0.1:
    dependencies:
      is-number: 7.0.0
    optional: true

  tslib@1.14.1: {}

  tslib@2.8.1: {}

  typescript@5.6.3: {}

  undici-types@6.19.8: {}

  vite@5.4.10(@types/node@22.9.0)(sass@1.80.6):
    dependencies:
      esbuild: 0.21.5
      postcss: 8.4.47
      rollup: 4.24.4
    optionalDependencies:
      '@types/node': 22.9.0
      fsevents: 2.3.3
      sass: 1.80.6

  vscode-uri@3.0.8: {}

  vue-tsc@2.1.10(typescript@5.6.3):
    dependencies:
      '@volar/typescript': 2.4.9
      '@vue/language-core': 2.1.10(typescript@5.6.3)
      semver: 7.6.3
      typescript: 5.6.3

  vue@3.5.12(typescript@5.6.3):
    dependencies:
      '@vue/compiler-dom': 3.5.12
      '@vue/compiler-sfc': 3.5.12
      '@vue/runtime-dom': 3.5.12
      '@vue/server-renderer': 3.5.12(vue@3.5.12(typescript@5.6.3))
      '@vue/shared': 3.5.12
    optionalDependencies:
      typescript: 5.6.3
